// !$*UTF8*$!
{
	archiveVersion = 1;
	classes = {
	};
	objectVersion = 46;
	objects = {

/* Begin PBXBuildFile section */
		CBE06C3D17F28C2F00946338 /* UIKit.framework in Frameworks */ = {isa = PBXBuildFile; fileRef = CBE06C3C17F28C2F00946338 /* UIKit.framework */; };
		CBE06C3F17F28C2F00946338 /* Foundation.framework in Frameworks */ = {isa = PBXBuildFile; fileRef = CBE06C3E17F28C2F00946338 /* Foundation.framework */; };
		CBE06C4117F28C2F00946338 /* CoreGraphics.framework in Frameworks */ = {isa = PBXBuildFile; fileRef = CBE06C4017F28C2F00946338 /* CoreGraphics.framework */; };
		CBE06C4717F28C2F00946338 /* InfoPlist.strings in Resources */ = {isa = PBXBuildFile; fileRef = CBE06C4517F28C2F00946338 /* InfoPlist.strings */; };
		CBE06C4917F28C2F00946338 /* main.m in Sources */ = {isa = PBXBuildFile; fileRef = CBE06C4817F28C2F00946338 /* main.m */; };
		CBE06C4D17F28C2F00946338 /* AppDelegate.m in Sources */ = {isa = PBXBuildFile; fileRef = CBE06C4C17F28C2F00946338 /* AppDelegate.m */; };
		CBE06C4F17F28C2F00946338 /* Default.png in Resources */ = {isa = PBXBuildFile; fileRef = CBE06C4E17F28C2F00946338 /* Default.png */; };
		CBE06C5117F28C2F00946338 /* Default@2x.png in Resources */ = {isa = PBXBuildFile; fileRef = CBE06C5017F28C2F00946338 /* Default@2x.png */; };
		CBE06C5317F28C2F00946338 /* Default-568h@2x.png in Resources */ = {isa = PBXBuildFile; fileRef = CBE06C5217F28C2F00946338 /* Default-568h@2x.png */; };
		CBE06C5B17F28D1E00946338 /* HerenciaController.m in Sources */ = {isa = PBXBuildFile; fileRef = CBE06C5A17F28D1E00946338 /* HerenciaController.m */; };
/* End PBXBuildFile section */

/* Begin PBXFileReference section */
		CBE06C3917F28C2F00946338 /* HerenciaVista.app */ = {isa = PBXFileReference; explicitFileType = wrapper.application; includeInIndex = 0; path = HerenciaVista.app; sourceTree = BUILT_PRODUCTS_DIR; };
		CBE06C3C17F28C2F00946338 /* UIKit.framework */ = {isa = PBXFileReference; lastKnownFileType = wrapper.framework; name = UIKit.framework; path = System/Library/Frameworks/UIKit.framework; sourceTree = SDKROOT; };
		CBE06C3E17F28C2F00946338 /* Foundation.framework */ = {isa = PBXFileReference; lastKnownFileType = wrapper.framework; name = Foundation.framework; path = System/Library/Frameworks/Foundation.framework; sourceTree = SDKROOT; };
		CBE06C4017F28C2F00946338 /* CoreGraphics.framework */ = {isa = PBXFileReference; lastKnownFileType = wrapper.framework; name = CoreGraphics.framework; path = System/Library/Frameworks/CoreGraphics.framework; sourceTree = SDKROOT; };
		CBE06C4417F28C2F00946338 /* HerenciaVista-Info.plist */ = {isa = PBXFileReference; lastKnownFileType = text.plist.xml; path = "HerenciaVista-Info.plist"; sourceTree = "<group>"; };
		CBE06C4617F28C2F00946338 /* en */ = {isa = PBXFileReference; lastKnownFileType = text.plist.strings; name = en; path = en.lproj/InfoPlist.strings; sourceTree = "<group>"; };
		CBE06C4817F28C2F00946338 /* main.m */ = {isa = PBXFileReference; lastKnownFileType = sourcecode.c.objc; path = main.m; sourceTree = "<group>"; };
		CBE06C4A17F28C2F00946338 /* HerenciaVista-Prefix.pch */ = {isa = PBXFileReference; lastKnownFileType = sourcecode.c.h; path = "HerenciaVista-Prefix.pch"; sourceTree = "<group>"; };
		CBE06C4B17F28C2F00946338 /* AppDelegate.h */ = {isa = PBXFileReference; lastKnownFileType = sourcecode.c.h; path = AppDelegate.h; sourceTree = "<group>"; };
		CBE06C4C17F28C2F00946338 /* AppDelegate.m */ = {isa = PBXFileReference; lastKnownFileType = sourcecode.c.objc; path = AppDelegate.m; sourceTree = "<group>"; };
		CBE06C4E17F28C2F00946338 /* Default.png */ = {isa = PBXFileReference; lastKnownFileType = image.png; path = Default.png; sourceTree = "<group>"; };
		CBE06C5017F28C2F00946338 /* Default@2x.png */ = {isa = PBXFileReference; lastKnownFileType = image.png; path = "Default@2x.png"; sourceTree = "<group>"; };
		CBE06C5217F28C2F00946338 /* Default-568h@2x.png */ = {isa = PBXFileReference; lastKnownFileType = image.png; path = "Default-568h@2x.png"; sourceTree = "<group>"; };
		CBE06C5917F28D1D00946338 /* HerenciaController.h */ = {isa = PBXFileReference; fileEncoding = 4; lastKnownFileType = sourcecode.c.h; path = HerenciaController.h; sourceTree = "<group>"; };
		CBE06C5A17F28D1E00946338 /* HerenciaController.m */ = {isa = PBXFileReference; fileEncoding = 4; lastKnownFileType = sourcecode.c.objc; path = HerenciaController.m; sourceTree = "<group>"; };
/* End PBXFileReference section */

/* Begin PBXFrameworksBuildPhase section */
		CBE06C3617F28C2F00946338 /* Frameworks */ = {
			isa = PBXFrameworksBuildPhase;
			buildActionMask = 2147483647;
			files = (
				CBE06C3D17F28C2F00946338 /* UIKit.framework in Frameworks */,
				CBE06C3F17F28C2F00946338 /* Foundation.framework in Frameworks */,
				CBE06C4117F28C2F00946338 /* CoreGraphics.framework in Frameworks */,
			);
			runOnlyForDeploymentPostprocessing = 0;
		};
/* End PBXFrameworksBuildPhase section */

/* Begin PBXGroup section */
		CBE06C3017F28C2F00946338 = {
			isa = PBXGroup;
			children = (
				CBE06C4217F28C2F00946338 /* HerenciaVista */,
				CBE06C3B17F28C2F00946338 /* Frameworks */,
				CBE06C3A17F28C2F00946338 /* Products */,
			);
			sourceTree = "<group>";
		};
		CBE06C3A17F28C2F00946338 /* Products */ = {
			isa = PBXGroup;
			children = (
				CBE06C3917F28C2F00946338 /* HerenciaVista.app */,
			);
			name = Products;
			sourceTree = "<group>";
		};
		CBE06C3B17F28C2F00946338 /* Frameworks */ = {
			isa = PBXGroup;
			children = (
				CBE06C3C17F28C2F00946338 /* UIKit.framework */,
				CBE06C3E17F28C2F00946338 /* Foundation.framework */,
				CBE06C4017F28C2F00946338 /* CoreGraphics.framework */,
			);
			name = Frameworks;
			sourceTree = "<group>";
		};
		CBE06C4217F28C2F00946338 /* HerenciaVista */ = {
			isa = PBXGroup;
			children = (
				CBE06C4B17F28C2F00946338 /* AppDelegate.h */,
				CBE06C4C17F28C2F00946338 /* AppDelegate.m */,
				CBE06C5917F28D1D00946338 /* HerenciaController.h */,
				CBE06C5A17F28D1E00946338 /* HerenciaController.m */,
				CBE06C4317F28C2F00946338 /* Supporting Files */,
			);
			path = HerenciaVista;
			sourceTree = "<group>";
		};
		CBE06C4317F28C2F00946338 /* Supporting Files */ = {
			isa = PBXGroup;
			children = (
				CBE06C4417F28C2F00946338 /* HerenciaVista-Info.plist */,
				CBE06C4517F28C2F00946338 /* InfoPlist.strings */,
				CBE06C4817F28C2F00946338 /* main.m */,
				CBE06C4A17F28C2F00946338 /* HerenciaVista-Prefix.pch */,
				CBE06C4E17F28C2F00946338 /* Default.png */,
				CBE06C5017F28C2F00946338 /* Default@2x.png */,
				CBE06C5217F28C2F00946338 /* Default-568h@2x.png */,
			);
			name = "Supporting Files";
			sourceTree = "<group>";
		};
/* End PBXGroup section */

/* Begin PBXNativeTarget section */
		CBE06C3817F28C2F00946338 /* HerenciaVista */ = {
			isa = PBXNativeTarget;
			buildConfigurationList = CBE06C5617F28C2F00946338 /* Build configuration list for PBXNativeTarget "HerenciaVista" */;
			buildPhases = (
				CBE06C3517F28C2F00946338 /* Sources */,
				CBE06C3617F28C2F00946338 /* Frameworks */,
				CBE06C3717F28C2F00946338 /* Resources */,
			);
			buildRules = (
			);
			dependencies = (
			);
			name = HerenciaVista;
			productName = HerenciaVista;
			productReference = CBE06C3917F28C2F00946338 /* HerenciaVista.app */;
			productType = "com.apple.product-type.application";
		};
/* End PBXNativeTarget section */

/* Begin PBXProject section */
		CBE06C3117F28C2F00946338 /* Project object */ = {
			isa = PBXProject;
			attributes = {
				LastUpgradeCheck = 0460;
				ORGANIZATIONNAME = "Henry AT";
			};
			buildConfigurationList = CBE06C3417F28C2F00946338 /* Build configuration list for PBXProject "HerenciaVista" */;
			compatibilityVersion = "Xcode 3.2";
			developmentRegion = English;
			hasScannedForEncodings = 0;
			knownRegions = (
				en,
			);
			mainGroup = CBE06C3017F28C2F00946338;
			productRefGroup = CBE06C3A17F28C2F00946338 /* Products */;
			projectDirPath = "";
			projectRoot = "";
			targets = (
				CBE06C3817F28C2F00946338 /* HerenciaVista */,
			);
		};
/* End PBXProject section */

/* Begin PBXResourcesBuildPhase section */
		CBE06C3717F28C2F00946338 /* Resources */ = {
			isa = PBXResourcesBuildPhase;
			buildActionMask = 2147483647;
			files = (
				CBE06C4717F28C2F00946338 /* InfoPlist.strings in Resources */,
				CBE06C4F17F28C2F00946338 /* Default.png in Resources */,
				CBE06C5117F28C2F00946338 /* Default@2x.png in Resources */,
				CBE06C5317F28C2F00946338 /* Default-568h@2x.png in Resources */,
			);
			runOnlyForDeploymentPostprocessing = 0;
		};
/* End PBXResourcesBuildPhase section */

/* Begin PBXSourcesBuildPhase section */
		CBE06C3517F28C2F00946338 /* Sources */ = {
			isa = PBXSourcesBuildPhase;
			buildActionMask = 2147483647;
			files = (
				CBE06C4917F28C2F00946338 /* main.m in Sources */,
				CBE06C4D17F28C2F00946338 /* AppDelegate.m in Sources */,
				CBE06C5B17F28D1E00946338 /* HerenciaController.m in Sources */,
			);
			runOnlyForDeploymentPostprocessing = 0;
		};
/* End PBXSourcesBuildPhase section */

/* Begin PBXVariantGroup section */
		CBE06C4517F28C2F00946338 /* InfoPlist.strings */ = {
			isa = PBXVariantGroup;
			children = (
				CBE06C4617F28C2F00946338 /* en */,
			);
			name = InfoPlist.strings;
			sourceTree = "<group>";
		};
/* End PBXVariantGroup section */

/* Begin XCBuildConfiguration section */
		CBE06C5417F28C2F00946338 /* Debug */ = {
			isa = XCBuildConfiguration;
			buildSettings = {
				ALWAYS_SEARCH_USER_PATHS = NO;
				CLANG_CXX_LANGUAGE_STANDARD = "gnu++0x";
				CLANG_CXX_LIBRARY = "libc++";
				CLANG_ENABLE_OBJC_ARC = YES;
				CLANG_WARN_CONSTANT_CONVERSION = YES;
				CLANG_WARN_EMPTY_BODY = YES;
				CLANG_WARN_ENUM_CONVERSION = YES;
				CLANG_WARN_INT_CONVERSION = YES;
				CLANG_WARN__DUPLICATE_METHOD_MATCH = YES;
				"CODE_SIGN_IDENTITY[sdk=iphoneos*]" = "iPhone Developer";
				COPY_PHASE_STRIP = NO;
				GCC_C_LANGUAGE_STANDARD = gnu99;
				GCC_DYNAMIC_NO_PIC = NO;
				GCC_OPTIMIZATION_LEVEL = 0;
				GCC_PREPROCESSOR_DEFINITIONS = (
					"DEBUG=1",
					"$(inherited)",
				);
				GCC_SYMBOLS_PRIVATE_EXTERN = NO;
				GCC_WARN_ABOUT_RETURN_TYPE = YES;
				GCC_WARN_UNINITIALIZED_AUTOS = YES;
				GCC_WARN_UNUSED_VARIABLE = YES;
				IPHONEOS_DEPLOYMENT_TARGET = 6.1;
				ONLY_ACTIVE_ARCH = YES;
				SDKROOT = iphoneos;
			};
			name = Debug;
		};
		CBE06C5517F28C2F00946338 /* Release */ = {
			isa = XCBuildConfiguration;
			buildSettings = {
				ALWAYS_SEARCH_USER_PATHS = NO;
				CLANG_CXX_LANGUAGE_STANDARD = "gnu++0x";
				CLANG_CXX_LIBRARY = "libc++";
				CLANG_ENABLE_OBJC_ARC = YES;
				CLANG_WARN_CONSTANT_CONVERSION = YES;
				CLANG_WARN_EMPTY_BODY = YES;
				CLANG_WARN_ENUM_CONVERSION = YES;
				CLANG_WARN_INT_CONVERSION = YES;
				CLANG_WARN__DUPLICATE_METHOD_MATCH = YES;
				"CODE_SIGN_IDENTITY[sdk=iphoneos*]" = "iPhone Developer";
				COPY_PHASE_STRIP = YES;
				GCC_C_LANGUAGE_STANDARD = gnu99;
				GCC_WARN_ABOUT_RETURN_TYPE = YES;
				GCC_WARN_UNINITIALIZED_AUTOS = YES;
				GCC_WARN_UNUSED_VARIABLE = YES;
				IPHONEOS_DEPLOYMENT_TARGET = 6.1;
				OTHER_CFLAGS = "-DNS_BLOCK_ASSERTIONS=1";
				SDKROOT = iphoneos;
				VALIDATE_PRODUCT = YES;
			};
			name = Release;
		};
		CBE06C5717F28C2F00946338 /* Debug */ = {
			isa = XCBuildConfiguration;
			buildSettings = {
				GCC_PRECOMPILE_PREFIX_HEADER = YES;
				GCC_PREFIX_HEADER = "HerenciaVista/HerenciaVista-Prefix.pch";
				INFOPLIST_FILE = "HerenciaVista/HerenciaVista-Info.plist";
				PRODUCT_NAME = "$(TARGET_NAME)";
				WRAPPER_EXTENSION = app;
			};
			name = Debug;
		};
		CBE06C5817F28C2F00946338 /* Release */ = {
			isa = XCBuildConfiguration;
			buildSettings = {
				GCC_PRECOMPILE_PREFIX_HEADER = YES;
				GCC_PREFIX_HEADER = "HerenciaVista/HerenciaVista-Prefix.pch";
				INFOPLIST_FILE = "HerenciaVista/HerenciaVista-Info.plist";
				PRODUCT_NAME = "$(TARGET_NAME)";
				WRAPPER_EXTENSION = app;
			};
			name = Release;
		};
/* End XCBuildConfiguration section */

/* Begin XCConfigurationList section */
		CBE06C3417F28C2F00946338 /* Build configuration list for PBXProject "HerenciaVista" */ = {
			isa = XCConfigurationList;
			buildConfigurations = (
				CBE06C5417F28C2F00946338 /* Debug */,
				CBE06C5517F28C2F00946338 /* Release */,
			);
			defaultConfigurationIsVisible = 0;
			defaultConfigurationName = Release;
		};
		CBE06C5617F28C2F00946338 /* Build configuration list for PBXNativeTarget "HerenciaVista" */ = {
			isa = XCConfigurationList;
			buildConfigurations = (
				CBE06C5717F28C2F00946338 /* Debug */,
				CBE06C5817F28C2F00946338 /* Release */,
			);
			defaultConfigurationIsVisible = 0;
		};
/* End XCConfigurationList section */
	};
	rootObject = CBE06C3117F28C2F00946338 /* Project object */;
}
